
Microsoft Visual Studio Solution File, Format Version 12.00
# Visual Studio Version 16
VisualStudioVersion = 16.0.30907.101
MinimumVisualStudioVersion = 10.0.40219.1
Project("{F2A71F9B-5D33-465A-A702-920D77279786}") = "Fabrador", "Fabrador\Fabrador.fsproj", "{95464409-116A-422B-BAE1-2D1D5AB7F1A0}"
EndProject
Project("{F2A71F9B-5D33-465A-A702-920D77279786}") = "FAtlas21Core", "FAtlas21Core\FAtlas21Core.fsproj", "{FD3E0D78-312D-4613-BC8D-FBF991FC5CBF}"
EndProject
Global
	GlobalSection(SolutionConfigurationPlatforms) = preSolution
		Debug|Any CPU = Debug|Any CPU
		Release|Any CPU = Release|Any CPU
	EndGlobalSection
	GlobalSection(ProjectConfigurationPlatforms) = postSolution
		{95464409-116A-422B-BAE1-2D1D5AB7F1A0}.Debug|Any CPU.ActiveCfg = Debug|Any CPU
		{95464409-116A-422B-BAE1-2D1D5AB7F1A0}.Debug|Any CPU.Build.0 = Debug|Any CPU
		{95464409-116A-422B-BAE1-2D1D5AB7F1A0}.Release|Any CPU.ActiveCfg = Release|Any CPU
		{95464409-116A-422B-BAE1-2D1D5AB7F1A0}.Release|Any CPU.Build.0 = Release|Any CPU
		{FD3E0D78-312D-4613-BC8D-FBF991FC5CBF}.Debug|Any CPU.ActiveCfg = Debug|Any CPU
		{FD3E0D78-312D-4613-BC8D-FBF991FC5CBF}.Debug|Any CPU.Build.0 = Debug|Any CPU
		{FD3E0D78-312D-4613-BC8D-FBF991FC5CBF}.Release|Any CPU.ActiveCfg = Release|Any CPU
		{FD3E0D78-312D-4613-BC8D-FBF991FC5CBF}.Release|Any CPU.Build.0 = Release|Any CPU
	EndGlobalSection
	GlobalSection(SolutionProperties) = preSolution
		HideSolutionNode = FALSE
	EndGlobalSection
	GlobalSection(ExtensibilityGlobals) = postSolution
		SolutionGuid = {F0CB82DE-B248-42DA-BB3B-9BDFB13DB523}
	EndGlobalSection
EndGlobal
